
Microsoft Visual Studio Solution File, Format Version 12.00
# Visual Studio Version 16
VisualStudioVersion = 16.0.30907.101
MinimumVisualStudioVersion = 10.0.40219.1
Project("{FAE04EC0-301F-11D3-BF4B-00C04F79EFBC}") = "WpfApp_laba1", "WpfApp_laba1\WpfApp_laba1.csproj", "{9A3DB0AD-07D1-4217-A887-3AF2971D732D}"
EndProject
Project("{FAE04EC0-301F-11D3-BF4B-00C04F79EFBC}") = "WpfApp_laba1(2)", "WpfApp_laba1(2)\WpfApp_laba1(2).csproj", "{B2CE164D-00B9-4FD9-BBDA-375BA8033085}"
EndProject
Global
	GlobalSection(SolutionConfigurationPlatforms) = preSolution
		Debug|Any CPU = Debug|Any CPU
		Release|Any CPU = Release|Any CPU
	EndGlobalSection
	GlobalSection(ProjectConfigurationPlatforms) = postSolution
		{9A3DB0AD-07D1-4217-A887-3AF2971D732D}.Debug|Any CPU.ActiveCfg = Debug|Any CPU
		{9A3DB0AD-07D1-4217-A887-3AF2971D732D}.Debug|Any CPU.Build.0 = Debug|Any CPU
		{9A3DB0AD-07D1-4217-A887-3AF2971D732D}.Release|Any CPU.ActiveCfg = Release|Any CPU
		{9A3DB0AD-07D1-4217-A887-3AF2971D732D}.Release|Any CPU.Build.0 = Release|Any CPU
		{B2CE164D-00B9-4FD9-BBDA-375BA8033085}.Debug|Any CPU.ActiveCfg = Debug|Any CPU
		{B2CE164D-00B9-4FD9-BBDA-375BA8033085}.Debug|Any CPU.Build.0 = Debug|Any CPU
		{B2CE164D-00B9-4FD9-BBDA-375BA8033085}.Release|Any CPU.ActiveCfg = Release|Any CPU
		{B2CE164D-00B9-4FD9-BBDA-375BA8033085}.Release|Any CPU.Build.0 = Release|Any CPU
	EndGlobalSection
	GlobalSection(SolutionProperties) = preSolution
		HideSolutionNode = FALSE
	EndGlobalSection
	GlobalSection(ExtensibilityGlobals) = postSolution
		SolutionGuid = {0B801C3C-7CC6-4DEB-B2B7-B87231F3D8AF}
	EndGlobalSection
EndGlobal
